{
  "originHash" : "6262cbd1c7263c306707504b058d9154ed6cbbc3e1a721180b67b46a8895e6ef",
  "pins" : [
    {
      "identity" : "toolbox",
      "kind" : "remoteSourceControl",
      "location" : "https://github.com/backslash-f/toolbox.git",
      "state" : {
        "revision" : "3f54fa8c3d2248b02de0d23cec5bc8cca8e6b035",
        "version" : "0.0.1"
      }
    }
  ],
  "version" : 3
}
